
Microsoft Visual Studio Solution File, Format Version 12.00
# Visual Studio 15
VisualStudioVersion = 15.0.27130.2027
MinimumVisualStudioVersion = 10.0.40219.1
Project("{FAE04EC0-301F-11D3-BF4B-00C04F79EFBC}") = "Test04", "Test04\Test04.csproj", "{208E844F-3D17-441F-BDCE-0921CE650718}"
EndProject
Global
	GlobalSection(SolutionConfigurationPlatforms) = preSolution
		Debug|Any CPU = Debug|Any CPU
		Release|Any CPU = Release|Any CPU
	EndGlobalSection
	GlobalSection(ProjectConfigurationPlatforms) = postSolution
		{208E844F-3D17-441F-BDCE-0921CE650718}.Debug|Any CPU.ActiveCfg = Debug|Any CPU
		{208E844F-3D17-441F-BDCE-0921CE650718}.Debug|Any CPU.Build.0 = Debug|Any CPU
		{208E844F-3D17-441F-BDCE-0921CE650718}.Release|Any CPU.ActiveCfg = Release|Any CPU
		{208E844F-3D17-441F-BDCE-0921CE650718}.Release|Any CPU.Build.0 = Release|Any CPU
	EndGlobalSection
	GlobalSection(SolutionProperties) = preSolution
		HideSolutionNode = FALSE
	EndGlobalSection
	GlobalSection(ExtensibilityGlobals) = postSolution
		SolutionGuid = {4F9A8DD3-9FF1-4E5B-8D32-19F7180270C8}
	EndGlobalSection
EndGlobal
